// !$*UTF8*$!
{
	archiveVersion = 1;
	classes = {
	};
	objectVersion = 50;
	objects = {

/* Begin PBXBuildFile section */
		03315776AA99CDE9ECF8C718 /* libPods-TPWAC.a in Frameworks */ = {isa = PBXBuildFile; fileRef = 172D6D1826223D361D8553FF /* libPods-TPWAC.a */; };
		2D694C0F23E35765005C2D5B /* User.swift in Sources */ = {isa = PBXBuildFile; fileRef = 2D694C0E23E35765005C2D5B /* User.swift */; };
		2D694C1123E35777005C2D5B /* Activity.swift in Sources */ = {isa = PBXBuildFile; fileRef = 2D694C1023E35777005C2D5B /* Activity.swift */; };
		2DFC735C23E0BFCB008C02FA /* Podfile in Resources */ = {isa = PBXBuildFile; fileRef = 2DFC735B23E0BFCB008C02FA /* Podfile */; };
		2DFC736223E0C3C5008C02FA /* GoogleService-Info.plist in Resources */ = {isa = PBXBuildFile; fileRef = 2DFC736123E0C3C5008C02FA /* GoogleService-Info.plist */; };
		2DFC736423E0C443008C02FA /* credentials.plist in Resources */ = {isa = PBXBuildFile; fileRef = 2DFC736323E0C443008C02FA /* credentials.plist */; };
		4081C33023E0AFF60078DDD9 /* createActivities.swift in Sources */ = {isa = PBXBuildFile; fileRef = 4081C32F23E0AFF60078DDD9 /* createActivities.swift */; };
		ED0114B623DB7CCA00C08FFB /* AppDelegate.swift in Sources */ = {isa = PBXBuildFile; fileRef = ED0114B523DB7CCA00C08FFB /* AppDelegate.swift */; };
		ED0114B823DB7CCA00C08FFB /* SceneDelegate.swift in Sources */ = {isa = PBXBuildFile; fileRef = ED0114B723DB7CCA00C08FFB /* SceneDelegate.swift */; };
		ED0114BA23DB7CCA00C08FFB /* ViewController.swift in Sources */ = {isa = PBXBuildFile; fileRef = ED0114B923DB7CCA00C08FFB /* ViewController.swift */; };
		ED0114BD23DB7CCA00C08FFB /* Main.storyboard in Resources */ = {isa = PBXBuildFile; fileRef = ED0114BB23DB7CCA00C08FFB /* Main.storyboard */; };
		ED0114BF23DB7CCB00C08FFB /* Assets.xcassets in Resources */ = {isa = PBXBuildFile; fileRef = ED0114BE23DB7CCB00C08FFB /* Assets.xcassets */; };
		ED0114C223DB7CCB00C08FFB /* LaunchScreen.storyboard in Resources */ = {isa = PBXBuildFile; fileRef = ED0114C023DB7CCB00C08FFB /* LaunchScreen.storyboard */; };
		EDB1A34423DF8789005DB659 /* ThirdViewController.swift in Sources */ = {isa = PBXBuildFile; fileRef = EDB1A34323DF8789005DB659 /* ThirdViewController.swift */; };
		EDB1A34623DF8F93005DB659 /* SignUpViewController.swift in Sources */ = {isa = PBXBuildFile; fileRef = EDB1A34523DF8F93005DB659 /* SignUpViewController.swift */; };
		EDB1A34823DF90E4005DB659 /* StudentsInMyActivitiesViewController.swift in Sources */ = {isa = PBXBuildFile; fileRef = EDB1A34723DF90E4005DB659 /* StudentsInMyActivitiesViewController.swift */; };
/* End PBXBuildFile section */

/* Begin PBXFileReference section */
		172D6D1826223D361D8553FF /* libPods-TPWAC.a */ = {isa = PBXFileReference; explicitFileType = archive.ar; includeInIndex = 0; path = "libPods-TPWAC.a"; sourceTree = BUILT_PRODUCTS_DIR; };
		2D694C0E23E35765005C2D5B /* User.swift */ = {isa = PBXFileReference; lastKnownFileType = sourcecode.swift; path = User.swift; sourceTree = "<group>"; };
		2D694C1023E35777005C2D5B /* Activity.swift */ = {isa = PBXFileReference; lastKnownFileType = sourcecode.swift; path = Activity.swift; sourceTree = "<group>"; };
		2DFC735B23E0BFCB008C02FA /* Podfile */ = {isa = PBXFileReference; fileEncoding = 4; lastKnownFileType = text; path = Podfile; sourceTree = "<group>"; xcLanguageSpecificationIdentifier = xcode.lang.ruby; };
		2DFC736123E0C3C5008C02FA /* GoogleService-Info.plist */ = {isa = PBXFileReference; fileEncoding = 4; lastKnownFileType = text.plist.xml; path = "GoogleService-Info.plist"; sourceTree = "<group>"; };
		2DFC736323E0C443008C02FA /* credentials.plist */ = {isa = PBXFileReference; fileEncoding = 4; lastKnownFileType = text.plist.xml; path = credentials.plist; sourceTree = "<group>"; };
		4081C32F23E0AFF60078DDD9 /* createActivities.swift */ = {isa = PBXFileReference; lastKnownFileType = sourcecode.swift; path = createActivities.swift; sourceTree = "<group>"; };
		6CD2694783358A8ABC5B7DB6 /* Pods-TPWAC.release.xcconfig */ = {isa = PBXFileReference; includeInIndex = 1; lastKnownFileType = text.xcconfig; name = "Pods-TPWAC.release.xcconfig"; path = "Pods/Target Support Files/Pods-TPWAC/Pods-TPWAC.release.xcconfig"; sourceTree = "<group>"; };
		CD93382C4095CEE87DC12149 /* Pods-TPWAC.debug.xcconfig */ = {isa = PBXFileReference; includeInIndex = 1; lastKnownFileType = text.xcconfig; name = "Pods-TPWAC.debug.xcconfig"; path = "Pods/Target Support Files/Pods-TPWAC/Pods-TPWAC.debug.xcconfig"; sourceTree = "<group>"; };
		ED0114B223DB7CCA00C08FFB /* TPWAC.app */ = {isa = PBXFileReference; explicitFileType = wrapper.application; includeInIndex = 0; path = TPWAC.app; sourceTree = BUILT_PRODUCTS_DIR; };
		ED0114B523DB7CCA00C08FFB /* AppDelegate.swift */ = {isa = PBXFileReference; lastKnownFileType = sourcecode.swift; path = AppDelegate.swift; sourceTree = "<group>"; };
		ED0114B723DB7CCA00C08FFB /* SceneDelegate.swift */ = {isa = PBXFileReference; lastKnownFileType = sourcecode.swift; path = SceneDelegate.swift; sourceTree = "<group>"; };
		ED0114B923DB7CCA00C08FFB /* ViewController.swift */ = {isa = PBXFileReference; lastKnownFileType = sourcecode.swift; path = ViewController.swift; sourceTree = "<group>"; };
		ED0114BC23DB7CCA00C08FFB /* Base */ = {isa = PBXFileReference; lastKnownFileType = file.storyboard; name = Base; path = Base.lproj/Main.storyboard; sourceTree = "<group>"; };
		ED0114BE23DB7CCB00C08FFB /* Assets.xcassets */ = {isa = PBXFileReference; lastKnownFileType = folder.assetcatalog; path = Assets.xcassets; sourceTree = "<group>"; };
		ED0114C123DB7CCB00C08FFB /* Base */ = {isa = PBXFileReference; lastKnownFileType = file.storyboard; name = Base; path = Base.lproj/LaunchScreen.storyboard; sourceTree = "<group>"; };
		ED0114C323DB7CCB00C08FFB /* Info.plist */ = {isa = PBXFileReference; lastKnownFileType = text.plist.xml; path = Info.plist; sourceTree = "<group>"; };
		EDB1A34323DF8789005DB659 /* ThirdViewController.swift */ = {isa = PBXFileReference; lastKnownFileType = sourcecode.swift; path = ThirdViewController.swift; sourceTree = "<group>"; };
		EDB1A34523DF8F93005DB659 /* SignUpViewController.swift */ = {isa = PBXFileReference; lastKnownFileType = sourcecode.swift; path = SignUpViewController.swift; sourceTree = "<group>"; };
		EDB1A34723DF90E4005DB659 /* StudentsInMyActivitiesViewController.swift */ = {isa = PBXFileReference; lastKnownFileType = sourcecode.swift; path = StudentsInMyActivitiesViewController.swift; sourceTree = "<group>"; };
/* End PBXFileReference section */

/* Begin PBXFrameworksBuildPhase section */
		ED0114AF23DB7CCA00C08FFB /* Frameworks */ = {
			isa = PBXFrameworksBuildPhase;
			buildActionMask = 2147483647;
			files = (
				03315776AA99CDE9ECF8C718 /* libPods-TPWAC.a in Frameworks */,
			);
			runOnlyForDeploymentPostprocessing = 0;
		};
/* End PBXFrameworksBuildPhase section */

/* Begin PBXGroup section */
		35D64B4DFB6435904D68076A /* Pods */ = {
			isa = PBXGroup;
			children = (
				CD93382C4095CEE87DC12149 /* Pods-TPWAC.debug.xcconfig */,
				6CD2694783358A8ABC5B7DB6 /* Pods-TPWAC.release.xcconfig */,
			);
			name = Pods;
			sourceTree = "<group>";
		};
		506624569C49B507C7E3D34A /* Frameworks */ = {
			isa = PBXGroup;
			children = (
				172D6D1826223D361D8553FF /* libPods-TPWAC.a */,
			);
			name = Frameworks;
			sourceTree = "<group>";
		};
		ED0114A923DB7CCA00C08FFB = {
			isa = PBXGroup;
			children = (
				2DFC735B23E0BFCB008C02FA /* Podfile */,
				ED0114B423DB7CCA00C08FFB /* TPWAC */,
				ED0114B323DB7CCA00C08FFB /* Products */,
				35D64B4DFB6435904D68076A /* Pods */,
				506624569C49B507C7E3D34A /* Frameworks */,
			);
			sourceTree = "<group>";
		};
		ED0114B323DB7CCA00C08FFB /* Products */ = {
			isa = PBXGroup;
			children = (
				ED0114B223DB7CCA00C08FFB /* TPWAC.app */,
			);
			name = Products;
			sourceTree = "<group>";
		};
		ED0114B423DB7CCA00C08FFB /* TPWAC */ = {
			isa = PBXGroup;
			children = (
				ED0114B523DB7CCA00C08FFB /* AppDelegate.swift */,
				2D694C0E23E35765005C2D5B /* User.swift */,
				2D694C1023E35777005C2D5B /* Activity.swift */,
				ED0114B723DB7CCA00C08FFB /* SceneDelegate.swift */,
				ED0114B923DB7CCA00C08FFB /* ViewController.swift */,
				ED0114BB23DB7CCA00C08FFB /* Main.storyboard */,
				4081C32F23E0AFF60078DDD9 /* createActivities.swift */,
				EDB1A34723DF90E4005DB659 /* StudentsInMyActivitiesViewController.swift */,
				EDB1A34523DF8F93005DB659 /* SignUpViewController.swift */,
				EDB1A34323DF8789005DB659 /* ThirdViewController.swift */,
				ED0114BE23DB7CCB00C08FFB /* Assets.xcassets */,
				ED0114C023DB7CCB00C08FFB /* LaunchScreen.storyboard */,
				ED0114C323DB7CCB00C08FFB /* Info.plist */,
				2DFC736123E0C3C5008C02FA /* GoogleService-Info.plist */,
				2DFC736323E0C443008C02FA /* credentials.plist */,
			);
			path = TPWAC;
			sourceTree = "<group>";
		};
/* End PBXGroup section */

/* Begin PBXNativeTarget section */
		ED0114B123DB7CCA00C08FFB /* TPWAC */ = {
			isa = PBXNativeTarget;
			buildConfigurationList = ED0114C623DB7CCB00C08FFB /* Build configuration list for PBXNativeTarget "TPWAC" */;
			buildPhases = (
				887FDC6F9239F2FFE194E294 /* [CP] Check Pods Manifest.lock */,
				ED0114AE23DB7CCA00C08FFB /* Sources */,
				ED0114AF23DB7CCA00C08FFB /* Frameworks */,
				ED0114B023DB7CCA00C08FFB /* Resources */,
				9B28C1DB784C1182370CCDD1 /* [CP] Copy Pods Resources */,
			);
			buildRules = (
			);
			dependencies = (
			);
			name = TPWAC;
			productName = TPWAC;
			productReference = ED0114B223DB7CCA00C08FFB /* TPWAC.app */;
			productType = "com.apple.product-type.application";
		};
/* End PBXNativeTarget section */

/* Begin PBXProject section */
		ED0114AA23DB7CCA00C08FFB /* Project object */ = {
			isa = PBXProject;
			attributes = {
				LastSwiftUpdateCheck = 1120;
				LastUpgradeCheck = 1120;
				ORGANIZATIONNAME = "Trinity Palwing";
				TargetAttributes = {
					ED0114B123DB7CCA00C08FFB = {
						CreatedOnToolsVersion = 11.2.1;
					};
				};
			};
			buildConfigurationList = ED0114AD23DB7CCA00C08FFB /* Build configuration list for PBXProject "TPWAC" */;
			compatibilityVersion = "Xcode 9.3";
			developmentRegion = en;
			hasScannedForEncodings = 0;
			knownRegions = (
				en,
				Base,
			);
			mainGroup = ED0114A923DB7CCA00C08FFB;
			productRefGroup = ED0114B323DB7CCA00C08FFB /* Products */;
			projectDirPath = "";
			projectRoot = "";
			targets = (
				ED0114B123DB7CCA00C08FFB /* TPWAC */,
			);
		};
/* End PBXProject section */

/* Begin PBXResourcesBuildPhase section */
		ED0114B023DB7CCA00C08FFB /* Resources */ = {
			isa = PBXResourcesBuildPhase;
			buildActionMask = 2147483647;
			files = (
				ED0114C223DB7CCB00C08FFB /* LaunchScreen.storyboard in Resources */,
				2DFC736423E0C443008C02FA /* credentials.plist in Resources */,
				ED0114BF23DB7CCB00C08FFB /* Assets.xcassets in Resources */,
				2DFC736223E0C3C5008C02FA /* GoogleService-Info.plist in Resources */,
				2DFC735C23E0BFCB008C02FA /* Podfile in Resources */,
				ED0114BD23DB7CCA00C08FFB /* Main.storyboard in Resources */,
			);
			runOnlyForDeploymentPostprocessing = 0;
		};
/* End PBXResourcesBuildPhase section */

/* Begin PBXShellScriptBuildPhase section */
		887FDC6F9239F2FFE194E294 /* [CP] Check Pods Manifest.lock */ = {
			isa = PBXShellScriptBuildPhase;
			buildActionMask = 2147483647;
			files = (
			);
			inputPaths = (
				"${PODS_PODFILE_DIR_PATH}/Podfile.lock",
				"${PODS_ROOT}/Manifest.lock",
			);
			name = "[CP] Check Pods Manifest.lock";
			outputPaths = (
				"$(DERIVED_FILE_DIR)/Pods-TPWAC-checkManifestLockResult.txt",
			);
			runOnlyForDeploymentPostprocessing = 0;
			shellPath = /bin/sh;
			shellScript = "diff \"${PODS_PODFILE_DIR_PATH}/Podfile.lock\" \"${PODS_ROOT}/Manifest.lock\" > /dev/null\nif [ $? != 0 ] ; then\n    # print error to STDERR\n    echo \"error: The sandbox is not in sync with the Podfile.lock. Run 'pod install' or update your CocoaPods installation.\" >&2\n    exit 1\nfi\n# This output is used by Xcode 'outputs' to avoid re-running this script phase.\necho \"SUCCESS\" > \"${SCRIPT_OUTPUT_FILE_0}\"\n";
			showEnvVarsInLog = 0;
		};
		9B28C1DB784C1182370CCDD1 /* [CP] Copy Pods Resources */ = {
			isa = PBXShellScriptBuildPhase;
			buildActionMask = 2147483647;
			files = (
			);
			inputPaths = (
				"${SRCROOT}/Pods/Target Support Files/Pods-TPWAC/Pods-TPWAC-resources.sh",
				"${PODS_ROOT}/GoogleSignIn/Resources/GoogleSignIn.bundle",
			);
			name = "[CP] Copy Pods Resources";
			outputPaths = (
				"${TARGET_BUILD_DIR}/${UNLOCALIZED_RESOURCES_FOLDER_PATH}/GoogleSignIn.bundle",
			);
			runOnlyForDeploymentPostprocessing = 0;
			shellPath = /bin/sh;
			shellScript = "\"${SRCROOT}/Pods/Target Support Files/Pods-TPWAC/Pods-TPWAC-resources.sh\"\n";
			showEnvVarsInLog = 0;
		};
/* End PBXShellScriptBuildPhase section */

/* Begin PBXSourcesBuildPhase section */
		ED0114AE23DB7CCA00C08FFB /* Sources */ = {
			isa = PBXSourcesBuildPhase;
			buildActionMask = 2147483647;
			files = (
				EDB1A34623DF8F93005DB659 /* SignUpViewController.swift in Sources */,
				4081C33023E0AFF60078DDD9 /* createActivities.swift in Sources */,
				ED0114BA23DB7CCA00C08FFB /* ViewController.swift in Sources */,
				EDB1A34423DF8789005DB659 /* ThirdViewController.swift in Sources */,
				ED0114B623DB7CCA00C08FFB /* AppDelegate.swift in Sources */,
				EDB1A34823DF90E4005DB659 /* StudentsInMyActivitiesViewController.swift in Sources */,
				2D694C1123E35777005C2D5B /* Activity.swift in Sources */,
				ED0114B823DB7CCA00C08FFB /* SceneDelegate.swift in Sources */,
				2D694C0F23E35765005C2D5B /* User.swift in Sources */,
			);
			runOnlyForDeploymentPostprocessing = 0;
		};
/* End PBXSourcesBuildPhase section */

/* Begin PBXVariantGroup section */
		ED0114BB23DB7CCA00C08FFB /* Main.storyboard */ = {
			isa = PBXVariantGroup;
			children = (
				ED0114BC23DB7CCA00C08FFB /* Base */,
			);
			name = Main.storyboard;
			sourceTree = "<group>";
		};
		ED0114C023DB7CCB00C08FFB /* LaunchScreen.storyboard */ = {
			isa = PBXVariantGroup;
			children = (
				ED0114C123DB7CCB00C08FFB /* Base */,
			);
			name = LaunchScreen.storyboard;
			sourceTree = "<group>";
		};
/* End PBXVariantGroup section */

/* Begin XCBuildConfiguration section */
		ED0114C423DB7CCB00C08FFB /* Debug */ = {
			isa = XCBuildConfiguration;
			buildSettings = {
				ALWAYS_SEARCH_USER_PATHS = NO;
				CLANG_ANALYZER_NONNULL = YES;
				CLANG_ANALYZER_NUMBER_OBJECT_CONVERSION = YES_AGGRESSIVE;
				CLANG_CXX_LANGUAGE_STANDARD = "gnu++14";
				CLANG_CXX_LIBRARY = "libc++";
				CLANG_ENABLE_MODULES = YES;
				CLANG_ENABLE_OBJC_ARC = YES;
				CLANG_ENABLE_OBJC_WEAK = YES;
				CLANG_WARN_BLOCK_CAPTURE_AUTORELEASING = YES;
				CLANG_WARN_BOOL_CONVERSION = YES;
				CLANG_WARN_COMMA = YES;
				CLANG_WARN_CONSTANT_CONVERSION = YES;
				CLANG_WARN_DEPRECATED_OBJC_IMPLEMENTATIONS = YES;
				CLANG_WARN_DIRECT_OBJC_ISA_USAGE = YES_ERROR;
				CLANG_WARN_DOCUMENTATION_COMMENTS = YES;
				CLANG_WARN_EMPTY_BODY = YES;
				CLANG_WARN_ENUM_CONVERSION = YES;
				CLANG_WARN_INFINITE_RECURSION = YES;
				CLANG_WARN_INT_CONVERSION = YES;
				CLANG_WARN_NON_LITERAL_NULL_CONVERSION = YES;
				CLANG_WARN_OBJC_IMPLICIT_RETAIN_SELF = YES;
				CLANG_WARN_OBJC_LITERAL_CONVERSION = YES;
				CLANG_WARN_OBJC_ROOT_CLASS = YES_ERROR;
				CLANG_WARN_RANGE_LOOP_ANALYSIS = YES;
				CLANG_WARN_STRICT_PROTOTYPES = YES;
				CLANG_WARN_SUSPICIOUS_MOVE = YES;
				CLANG_WARN_UNGUARDED_AVAILABILITY = YES_AGGRESSIVE;
				CLANG_WARN_UNREACHABLE_CODE = YES;
				CLANG_WARN__DUPLICATE_METHOD_MATCH = YES;
				COPY_PHASE_STRIP = NO;
				DEBUG_INFORMATION_FORMAT = dwarf;
				ENABLE_STRICT_OBJC_MSGSEND = YES;
				ENABLE_TESTABILITY = YES;
				GCC_C_LANGUAGE_STANDARD = gnu11;
				GCC_DYNAMIC_NO_PIC = NO;
				GCC_NO_COMMON_BLOCKS = YES;
				GCC_OPTIMIZATION_LEVEL = 0;
				GCC_PREPROCESSOR_DEFINITIONS = (
					"DEBUG=1",
					"$(inherited)",
				);
				GCC_WARN_64_TO_32_BIT_CONVERSION = YES;
				GCC_WARN_ABOUT_RETURN_TYPE = YES_ERROR;
				GCC_WARN_UNDECLARED_SELECTOR = YES;
				GCC_WARN_UNINITIALIZED_AUTOS = YES_AGGRESSIVE;
				GCC_WARN_UNUSED_FUNCTION = YES;
				GCC_WARN_UNUSED_VARIABLE = YES;
				IPHONEOS_DEPLOYMENT_TARGET = 13.2;
				MTL_ENABLE_DEBUG_INFO = INCLUDE_SOURCE;
				MTL_FAST_MATH = YES;
				ONLY_ACTIVE_ARCH = YES;
				SDKROOT = iphoneos;
				SWIFT_ACTIVE_COMPILATION_CONDITIONS = DEBUG;
				SWIFT_OPTIMIZATION_LEVEL = "-Onone";
			};
			name = Debug;
		};
		ED0114C523DB7CCB00C08FFB /* Release */ = {
			isa = XCBuildConfiguration;
			buildSettings = {
				ALWAYS_SEARCH_USER_PATHS = NO;
				CLANG_ANALYZER_NONNULL = YES;
				CLANG_ANALYZER_NUMBER_OBJECT_CONVERSION = YES_AGGRESSIVE;
				CLANG_CXX_LANGUAGE_STANDARD = "gnu++14";
				CLANG_CXX_LIBRARY = "libc++";
				CLANG_ENABLE_MODULES = YES;
				CLANG_ENABLE_OBJC_ARC = YES;
				CLANG_ENABLE_OBJC_WEAK = YES;
				CLANG_WARN_BLOCK_CAPTURE_AUTORELEASING = YES;
				CLANG_WARN_BOOL_CONVERSION = YES;
				CLANG_WARN_COMMA = YES;
				CLANG_WARN_CONSTANT_CONVERSION = YES;
				CLANG_WARN_DEPRECATED_OBJC_IMPLEMENTATIONS = YES;
				CLANG_WARN_DIRECT_OBJC_ISA_USAGE = YES_ERROR;
				CLANG_WARN_DOCUMENTATION_COMMENTS = YES;
				CLANG_WARN_EMPTY_BODY = YES;
				CLANG_WARN_ENUM_CONVERSION = YES;
				CLANG_WARN_INFINITE_RECURSION = YES;
				CLANG_WARN_INT_CONVERSION = YES;
				CLANG_WARN_NON_LITERAL_NULL_CONVERSION = YES;
				CLANG_WARN_OBJC_IMPLICIT_RETAIN_SELF = YES;
				CLANG_WARN_OBJC_LITERAL_CONVERSION = YES;
				CLANG_WARN_OBJC_ROOT_CLASS = YES_ERROR;
				CLANG_WARN_RANGE_LOOP_ANALYSIS = YES;
				CLANG_WARN_STRICT_PROTOTYPES = YES;
				CLANG_WARN_SUSPICIOUS_MOVE = YES;
				CLANG_WARN_UNGUARDED_AVAILABILITY = YES_AGGRESSIVE;
				CLANG_WARN_UNREACHABLE_CODE = YES;
				CLANG_WARN__DUPLICATE_METHOD_MATCH = YES;
				COPY_PHASE_STRIP = NO;
				DEBUG_INFORMATION_FORMAT = "dwarf-with-dsym";
				ENABLE_NS_ASSERTIONS = NO;
				ENABLE_STRICT_OBJC_MSGSEND = YES;
				GCC_C_LANGUAGE_STANDARD = gnu11;
				GCC_NO_COMMON_BLOCKS = YES;
				GCC_WARN_64_TO_32_BIT_CONVERSION = YES;
				GCC_WARN_ABOUT_RETURN_TYPE = YES_ERROR;
				GCC_WARN_UNDECLARED_SELECTOR = YES;
				GCC_WARN_UNINITIALIZED_AUTOS = YES_AGGRESSIVE;
				GCC_WARN_UNUSED_FUNCTION = YES;
				GCC_WARN_UNUSED_VARIABLE = YES;
				IPHONEOS_DEPLOYMENT_TARGET = 13.2;
				MTL_ENABLE_DEBUG_INFO = NO;
				MTL_FAST_MATH = YES;
				SDKROOT = iphoneos;
				SWIFT_COMPILATION_MODE = wholemodule;
				SWIFT_OPTIMIZATION_LEVEL = "-O";
				VALIDATE_PRODUCT = YES;
			};
			name = Release;
		};
		ED0114C723DB7CCB00C08FFB /* Debug */ = {
			isa = XCBuildConfiguration;
			baseConfigurationReference = CD93382C4095CEE87DC12149 /* Pods-TPWAC.debug.xcconfig */;
			buildSettings = {
				ASSETCATALOG_COMPILER_APPICON_NAME = AppIcon;
				CODE_SIGN_STYLE = Automatic;
				INFOPLIST_FILE = TPWAC/Info.plist;
				IPHONEOS_DEPLOYMENT_TARGET = 13.0;
				LD_RUNPATH_SEARCH_PATHS = (
					"$(inherited)",
					"@executable_path/Frameworks",
				);
				ONLY_ACTIVE_ARCH = NO;
				PRODUCT_BUNDLE_IDENTIFIER = com.trinitypawling.TPWAC;
				PRODUCT_NAME = "$(TARGET_NAME)";
				SWIFT_VERSION = 5.0;
				TARGETED_DEVICE_FAMILY = "1,2";
			};
			name = Debug;
		};
		ED0114C823DB7CCB00C08FFB /* Release */ = {
			isa = XCBuildConfiguration;
			baseConfigurationReference = 6CD2694783358A8ABC5B7DB6 /* Pods-TPWAC.release.xcconfig */;
			buildSettings = {
				ASSETCATALOG_COMPILER_APPICON_NAME = AppIcon;
				CODE_SIGN_STYLE = Automatic;
				INFOPLIST_FILE = TPWAC/Info.plist;
				IPHONEOS_DEPLOYMENT_TARGET = 13.0;
				LD_RUNPATH_SEARCH_PATHS = (
					"$(inherited)",
					"@executable_path/Frameworks",
				);
				ONLY_ACTIVE_ARCH = NO;
				PRODUCT_BUNDLE_IDENTIFIER = com.trinitypawling.TPWAC;
				PRODUCT_NAME = "$(TARGET_NAME)";
				SWIFT_VERSION = 5.0;
				TARGETED_DEVICE_FAMILY = "1,2";
			};
			name = Release;
		};
/* End XCBuildConfiguration section */

/* Begin XCConfigurationList section */
		ED0114AD23DB7CCA00C08FFB /* Build configuration list for PBXProject "TPWAC" */ = {
			isa = XCConfigurationList;
			buildConfigurations = (
				ED0114C423DB7CCB00C08FFB /* Debug */,
				ED0114C523DB7CCB00C08FFB /* Release */,
			);
			defaultConfigurationIsVisible = 0;
			defaultConfigurationName = Release;
		};
		ED0114C623DB7CCB00C08FFB /* Build configuration list for PBXNativeTarget "TPWAC" */ = {
			isa = XCConfigurationList;
			buildConfigurations = (
				ED0114C723DB7CCB00C08FFB /* Debug */,
				ED0114C823DB7CCB00C08FFB /* Release */,
			);
			defaultConfigurationIsVisible = 0;
			defaultConfigurationName = Release;
		};
/* End XCConfigurationList section */
	};
	rootObject = ED0114AA23DB7CCA00C08FFB /* Project object */;
}
